// !$*UTF8*$!
{
	archiveVersion = 1;
	classes = {
	};
	objectVersion = 77;
	objects = {

/* Begin PBXContainerItemProxy section */
		A355D9032C9FB12400640CA8 /* PBXContainerItemProxy */ = {
			isa = PBXContainerItemProxy;
			containerPortal = A355D8EA2C9FB11F00640CA8 /* Project object */;
			proxyType = 1;
			remoteGlobalIDString = A355D8F12C9FB11F00640CA8;
			remoteInfo = "Memorize CS193p";
		};
		A355D90D2C9FB12400640CA8 /* PBXContainerItemProxy */ = {
			isa = PBXContainerItemProxy;
			containerPortal = A355D8EA2C9FB11F00640CA8 /* Project object */;
			proxyType = 1;
			remoteGlobalIDString = A355D8F12C9FB11F00640CA8;
			remoteInfo = "Memorize CS193p";
		};
/* End PBXContainerItemProxy section */

/* Begin PBXFileReference section */
		A355D8F22C9FB11F00640CA8 /* Memorize CS193p.app */ = {isa = PBXFileReference; explicitFileType = wrapper.application; includeInIndex = 0; path = "Memorize CS193p.app"; sourceTree = BUILT_PRODUCTS_DIR; };
		A355D9022C9FB12400640CA8 /* Memorize CS193pTests.xctest */ = {isa = PBXFileReference; explicitFileType = wrapper.cfbundle; includeInIndex = 0; path = "Memorize CS193pTests.xctest"; sourceTree = BUILT_PRODUCTS_DIR; };
		A355D90C2C9FB12400640CA8 /* Memorize CS193pUITests.xctest */ = {isa = PBXFileReference; explicitFileType = wrapper.cfbundle; includeInIndex = 0; path = "Memorize CS193pUITests.xctest"; sourceTree = BUILT_PRODUCTS_DIR; };
/* End PBXFileReference section */

/* Begin PBXFileSystemSynchronizedRootGroup section */
		A355D8F42C9FB11F00640CA8 /* Memorize CS193p */ = {
			isa = PBXFileSystemSynchronizedRootGroup;
			path = "Memorize CS193p";
			sourceTree = "<group>";
		};
		A355D9052C9FB12400640CA8 /* Memorize CS193pTests */ = {
			isa = PBXFileSystemSynchronizedRootGroup;
			path = "Memorize CS193pTests";
			sourceTree = "<group>";
		};
		A355D90F2C9FB12400640CA8 /* Memorize CS193pUITests */ = {
			isa = PBXFileSystemSynchronizedRootGroup;
			path = "Memorize CS193pUITests";
			sourceTree = "<group>";
		};
/* End PBXFileSystemSynchronizedRootGroup section */

/* Begin PBXFrameworksBuildPhase section */
		A355D8EF2C9FB11F00640CA8 /* Frameworks */ = {
			isa = PBXFrameworksBuildPhase;
			buildActionMask = 2147483647;
			files = (
			);
			runOnlyForDeploymentPostprocessing = 0;
		};
		A355D8FF2C9FB12400640CA8 /* Frameworks */ = {
			isa = PBXFrameworksBuildPhase;
			buildActionMask = 2147483647;
			files = (
			);
			runOnlyForDeploymentPostprocessing = 0;
		};
		A355D9092C9FB12400640CA8 /* Frameworks */ = {
			isa = PBXFrameworksBuildPhase;
			buildActionMask = 2147483647;
			files = (
			);
			runOnlyForDeploymentPostprocessing = 0;
		};
/* End PBXFrameworksBuildPhase section */

/* Begin PBXGroup section */
		A355D8E92C9FB11F00640CA8 = {
			isa = PBXGroup;
			children = (
				A355D8F42C9FB11F00640CA8 /* Memorize CS193p */,
				A355D9052C9FB12400640CA8 /* Memorize CS193pTests */,
				A355D90F2C9FB12400640CA8 /* Memorize CS193pUITests */,
				A355D8F32C9FB11F00640CA8 /* Products */,
			);
			sourceTree = "<group>";
		};
		A355D8F32C9FB11F00640CA8 /* Products */ = {
			isa = PBXGroup;
			children = (
				A355D8F22C9FB11F00640CA8 /* Memorize CS193p.app */,
				A355D9022C9FB12400640CA8 /* Memorize CS193pTests.xctest */,
				A355D90C2C9FB12400640CA8 /* Memorize CS193pUITests.xctest */,
			);
			name = Products;
			sourceTree = "<group>";
		};
/* End PBXGroup section */

/* Begin PBXNativeTarget section */
		A355D8F12C9FB11F00640CA8 /* Memorize CS193p */ = {
			isa = PBXNativeTarget;
			buildConfigurationList = A355D9162C9FB12400640CA8 /* Build configuration list for PBXNativeTarget "Memorize CS193p" */;
			buildPhases = (
				A355D8EE2C9FB11F00640CA8 /* Sources */,
				A355D8EF2C9FB11F00640CA8 /* Frameworks */,
				A355D8F02C9FB11F00640CA8 /* Resources */,
			);
			buildRules = (
			);
			dependencies = (
			);
			fileSystemSynchronizedGroups = (
				A355D8F42C9FB11F00640CA8 /* Memorize CS193p */,
			);
			name = "Memorize CS193p";
			packageProductDependencies = (
			);
			productName = "Memorize CS193p";
			productReference = A355D8F22C9FB11F00640CA8 /* Memorize CS193p.app */;
			productType = "com.apple.product-type.application";
		};
		A355D9012C9FB12400640CA8 /* Memorize CS193pTests */ = {
			isa = PBXNativeTarget;
			buildConfigurationList = A355D9192C9FB12400640CA8 /* Build configuration list for PBXNativeTarget "Memorize CS193pTests" */;
			buildPhases = (
				A355D8FE2C9FB12400640CA8 /* Sources */,
				A355D8FF2C9FB12400640CA8 /* Frameworks */,
				A355D9002C9FB12400640CA8 /* Resources */,
			);
			buildRules = (
			);
			dependencies = (
				A355D9042C9FB12400640CA8 /* PBXTargetDependency */,
			);
			fileSystemSynchronizedGroups = (
				A355D9052C9FB12400640CA8 /* Memorize CS193pTests */,
			);
			name = "Memorize CS193pTests";
			packageProductDependencies = (
			);
			productName = "Memorize CS193pTests";
			productReference = A355D9022C9FB12400640CA8 /* Memorize CS193pTests.xctest */;
			productType = "com.apple.product-type.bundle.unit-test";
		};
		A355D90B2C9FB12400640CA8 /* Memorize CS193pUITests */ = {
			isa = PBXNativeTarget;
			buildConfigurationList = A355D91C2C9FB12400640CA8 /* Build configuration list for PBXNativeTarget "Memorize CS193pUITests" */;
			buildPhases = (
				A355D9082C9FB12400640CA8 /* Sources */,
				A355D9092C9FB12400640CA8 /* Frameworks */,
				A355D90A2C9FB12400640CA8 /* Resources */,
			);
			buildRules = (
			);
			dependencies = (
				A355D90E2C9FB12400640CA8 /* PBXTargetDependency */,
			);
			fileSystemSynchronizedGroups = (
				A355D90F2C9FB12400640CA8 /* Memorize CS193pUITests */,
			);
			name = "Memorize CS193pUITests";
			packageProductDependencies = (
			);
			productName = "Memorize CS193pUITests";
			productReference = A355D90C2C9FB12400640CA8 /* Memorize CS193pUITests.xctest */;
			productType = "com.apple.product-type.bundle.ui-testing";
		};
/* End PBXNativeTarget section */

/* Begin PBXProject section */
		A355D8EA2C9FB11F00640CA8 /* Project object */ = {
			isa = PBXProject;
			attributes = {
				BuildIndependentTargetsInParallel = 1;
				LastSwiftUpdateCheck = 1600;
				LastUpgradeCheck = 1600;
				TargetAttributes = {
					A355D8F12C9FB11F00640CA8 = {
						CreatedOnToolsVersion = 16.0;
					};
					A355D9012C9FB12400640CA8 = {
						CreatedOnToolsVersion = 16.0;
						TestTargetID = A355D8F12C9FB11F00640CA8;
					};
					A355D90B2C9FB12400640CA8 = {
						CreatedOnToolsVersion = 16.0;
						TestTargetID = A355D8F12C9FB11F00640CA8;
					};
				};
			};
			buildConfigurationList = A355D8ED2C9FB11F00640CA8 /* Build configuration list for PBXProject "Memorize CS193p" */;
			developmentRegion = en;
			hasScannedForEncodings = 0;
			knownRegions = (
				en,
				Base,
			);
			mainGroup = A355D8E92C9FB11F00640CA8;
			minimizedProjectReferenceProxies = 1;
			preferredProjectObjectVersion = 77;
			productRefGroup = A355D8F32C9FB11F00640CA8 /* Products */;
			projectDirPath = "";
			projectRoot = "";
			targets = (
				A355D8F12C9FB11F00640CA8 /* Memorize CS193p */,
				A355D9012C9FB12400640CA8 /* Memorize CS193pTests */,
				A355D90B2C9FB12400640CA8 /* Memorize CS193pUITests */,
			);
		};
/* End PBXProject section */

/* Begin PBXResourcesBuildPhase section */
		A355D8F02C9FB11F00640CA8 /* Resources */ = {
			isa = PBXResourcesBuildPhase;
			buildActionMask = 2147483647;
			files = (
			);
			runOnlyForDeploymentPostprocessing = 0;
		};
		A355D9002C9FB12400640CA8 /* Resources */ = {
			isa = PBXResourcesBuildPhase;
			buildActionMask = 2147483647;
			files = (
			);
			runOnlyForDeploymentPostprocessing = 0;
		};
		A355D90A2C9FB12400640CA8 /* Resources */ = {
			isa = PBXResourcesBuildPhase;
			buildActionMask = 2147483647;
			files = (
			);
			runOnlyForDeploymentPostprocessing = 0;
		};
/* End PBXResourcesBuildPhase section */

/* Begin PBXSourcesBuildPhase section */
		A355D8EE2C9FB11F00640CA8 /* Sources */ = {
			isa = PBXSourcesBuildPhase;
			buildActionMask = 2147483647;
			files = (
			);
			runOnlyForDeploymentPostprocessing = 0;
		};
		A355D8FE2C9FB12400640CA8 /* Sources */ = {
			isa = PBXSourcesBuildPhase;
			buildActionMask = 2147483647;
			files = (
			);
			runOnlyForDeploymentPostprocessing = 0;
		};
		A355D9082C9FB12400640CA8 /* Sources */ = {
			isa = PBXSourcesBuildPhase;
			buildActionMask = 2147483647;
			files = (
			);
			runOnlyForDeploymentPostprocessing = 0;
		};
/* End PBXSourcesBuildPhase section */

/* Begin PBXTargetDependency section */
		A355D9042C9FB12400640CA8 /* PBXTargetDependency */ = {
			isa = PBXTargetDependency;
			target = A355D8F12C9FB11F00640CA8 /* Memorize CS193p */;
			targetProxy = A355D9032C9FB12400640CA8 /* PBXContainerItemProxy */;
		};
		A355D90E2C9FB12400640CA8 /* PBXTargetDependency */ = {
			isa = PBXTargetDependency;
			target = A355D8F12C9FB11F00640CA8 /* Memorize CS193p */;
			targetProxy = A355D90D2C9FB12400640CA8 /* PBXContainerItemProxy */;
		};
/* End PBXTargetDependency section */

/* Begin XCBuildConfiguration section */
		A355D9142C9FB12400640CA8 /* Debug */ = {
			isa = XCBuildConfiguration;
			buildSettings = {
				ALWAYS_SEARCH_USER_PATHS = NO;
				ASSETCATALOG_COMPILER_GENERATE_SWIFT_ASSET_SYMBOL_EXTENSIONS = YES;
				CLANG_ANALYZER_NONNULL = YES;
				CLANG_ANALYZER_NUMBER_OBJECT_CONVERSION = YES_AGGRESSIVE;
				CLANG_CXX_LANGUAGE_STANDARD = "gnu++20";
				CLANG_ENABLE_MODULES = YES;
				CLANG_ENABLE_OBJC_ARC = YES;
				CLANG_ENABLE_OBJC_WEAK = YES;
				CLANG_WARN_BLOCK_CAPTURE_AUTORELEASING = YES;
				CLANG_WARN_BOOL_CONVERSION = YES;
				CLANG_WARN_COMMA = YES;
				CLANG_WARN_CONSTANT_CONVERSION = YES;
				CLANG_WARN_DEPRECATED_OBJC_IMPLEMENTATIONS = YES;
				CLANG_WARN_DIRECT_OBJC_ISA_USAGE = YES_ERROR;
				CLANG_WARN_DOCUMENTATION_COMMENTS = YES;
				CLANG_WARN_EMPTY_BODY = YES;
				CLANG_WARN_ENUM_CONVERSION = YES;
				CLANG_WARN_INFINITE_RECURSION = YES;
				CLANG_WARN_INT_CONVERSION = YES;
				CLANG_WARN_NON_LITERAL_NULL_CONVERSION = YES;
				CLANG_WARN_OBJC_IMPLICIT_RETAIN_SELF = YES;
				CLANG_WARN_OBJC_LITERAL_CONVERSION = YES;
				CLANG_WARN_OBJC_ROOT_CLASS = YES_ERROR;
				CLANG_WARN_QUOTED_INCLUDE_IN_FRAMEWORK_HEADER = YES;
				CLANG_WARN_RANGE_LOOP_ANALYSIS = YES;
				CLANG_WARN_STRICT_PROTOTYPES = YES;
				CLANG_WARN_SUSPICIOUS_MOVE = YES;
				CLANG_WARN_UNGUARDED_AVAILABILITY = YES_AGGRESSIVE;
				CLANG_WARN_UNREACHABLE_CODE = YES;
				CLANG_WARN__DUPLICATE_METHOD_MATCH = YES;
				COPY_PHASE_STRIP = NO;
				DEBUG_INFORMATION_FORMAT = dwarf;
				ENABLE_STRICT_OBJC_MSGSEND = YES;
				ENABLE_TESTABILITY = YES;
				ENABLE_USER_SCRIPT_SANDBOXING = YES;
				GCC_C_LANGUAGE_STANDARD = gnu17;
				GCC_DYNAMIC_NO_PIC = NO;
				GCC_NO_COMMON_BLOCKS = YES;
				GCC_OPTIMIZATION_LEVEL = 0;
				GCC_PREPROCESSOR_DEFINITIONS = (
					"DEBUG=1",
					"$(inherited)",
				);
				GCC_WARN_64_TO_32_BIT_CONVERSION = YES;
				GCC_WARN_ABOUT_RETURN_TYPE = YES_ERROR;
				GCC_WARN_UNDECLARED_SELECTOR = YES;
				GCC_WARN_UNINITIALIZED_AUTOS = YES_AGGRESSIVE;
				GCC_WARN_UNUSED_FUNCTION = YES;
				GCC_WARN_UNUSED_VARIABLE = YES;
				IPHONEOS_DEPLOYMENT_TARGET = 18.0;
				LOCALIZATION_PREFERS_STRING_CATALOGS = YES;
				MTL_ENABLE_DEBUG_INFO = INCLUDE_SOURCE;
				MTL_FAST_MATH = YES;
				ONLY_ACTIVE_ARCH = YES;
				SDKROOT = iphoneos;
				SWIFT_ACTIVE_COMPILATION_CONDITIONS = "DEBUG $(inherited)";
				SWIFT_OPTIMIZATION_LEVEL = "-Onone";
			};
			name = Debug;
		};
		A355D9152C9FB12400640CA8 /* Release */ = {
			isa = XCBuildConfiguration;
			buildSettings = {
				ALWAYS_SEARCH_USER_PATHS = NO;
				ASSETCATALOG_COMPILER_GENERATE_SWIFT_ASSET_SYMBOL_EXTENSIONS = YES;
				CLANG_ANALYZER_NONNULL = YES;
				CLANG_ANALYZER_NUMBER_OBJECT_CONVERSION = YES_AGGRESSIVE;
				CLANG_CXX_LANGUAGE_STANDARD = "gnu++20";
				CLANG_ENABLE_MODULES = YES;
				CLANG_ENABLE_OBJC_ARC = YES;
				CLANG_ENABLE_OBJC_WEAK = YES;
				CLANG_WARN_BLOCK_CAPTURE_AUTORELEASING = YES;
				CLANG_WARN_BOOL_CONVERSION = YES;
				CLANG_WARN_COMMA = YES;
				CLANG_WARN_CONSTANT_CONVERSION = YES;
				CLANG_WARN_DEPRECATED_OBJC_IMPLEMENTATIONS = YES;
				CLANG_WARN_DIRECT_OBJC_ISA_USAGE = YES_ERROR;
				CLANG_WARN_DOCUMENTATION_COMMENTS = YES;
				CLANG_WARN_EMPTY_BODY = YES;
				CLANG_WARN_ENUM_CONVERSION = YES;
				CLANG_WARN_INFINITE_RECURSION = YES;
				CLANG_WARN_INT_CONVERSION = YES;
				CLANG_WARN_NON_LITERAL_NULL_CONVERSION = YES;
				CLANG_WARN_OBJC_IMPLICIT_RETAIN_SELF = YES;
				CLANG_WARN_OBJC_LITERAL_CONVERSION = YES;
				CLANG_WARN_OBJC_ROOT_CLASS = YES_ERROR;
				CLANG_WARN_QUOTED_INCLUDE_IN_FRAMEWORK_HEADER = YES;
				CLANG_WARN_RANGE_LOOP_ANALYSIS = YES;
				CLANG_WARN_STRICT_PROTOTYPES = YES;
				CLANG_WARN_SUSPICIOUS_MOVE = YES;
				CLANG_WARN_UNGUARDED_AVAILABILITY = YES_AGGRESSIVE;
				CLANG_WARN_UNREACHABLE_CODE = YES;
				CLANG_WARN__DUPLICATE_METHOD_MATCH = YES;
				COPY_PHASE_STRIP = NO;
				DEBUG_INFORMATION_FORMAT = "dwarf-with-dsym";
				ENABLE_NS_ASSERTIONS = NO;
				ENABLE_STRICT_OBJC_MSGSEND = YES;
				ENABLE_USER_SCRIPT_SANDBOXING = YES;
				GCC_C_LANGUAGE_STANDARD = gnu17;
				GCC_NO_COMMON_BLOCKS = YES;
				GCC_WARN_64_TO_32_BIT_CONVERSION = YES;
				GCC_WARN_ABOUT_RETURN_TYPE = YES_ERROR;
				GCC_WARN_UNDECLARED_SELECTOR = YES;
				GCC_WARN_UNINITIALIZED_AUTOS = YES_AGGRESSIVE;
				GCC_WARN_UNUSED_FUNCTION = YES;
				GCC_WARN_UNUSED_VARIABLE = YES;
				IPHONEOS_DEPLOYMENT_TARGET = 18.0;
				LOCALIZATION_PREFERS_STRING_CATALOGS = YES;
				MTL_ENABLE_DEBUG_INFO = NO;
				MTL_FAST_MATH = YES;
				SDKROOT = iphoneos;
				SWIFT_COMPILATION_MODE = wholemodule;
				VALIDATE_PRODUCT = YES;
			};
			name = Release;
		};
		A355D9172C9FB12400640CA8 /* Debug */ = {
			isa = XCBuildConfiguration;
			buildSettings = {
				ASSETCATALOG_COMPILER_APPICON_NAME = AppIcon;
				ASSETCATALOG_COMPILER_GLOBAL_ACCENT_COLOR_NAME = AccentColor;
				CODE_SIGN_STYLE = Automatic;
				CURRENT_PROJECT_VERSION = 1;
				DEVELOPMENT_ASSET_PATHS = "\"Memorize CS193p/Preview Content\"";
				DEVELOPMENT_TEAM = J5YKV9K4P8;
				ENABLE_PREVIEWS = YES;
				GENERATE_INFOPLIST_FILE = YES;
				INFOPLIST_KEY_UIApplicationSceneManifest_Generation = YES;
				INFOPLIST_KEY_UIApplicationSupportsIndirectInputEvents = YES;
				INFOPLIST_KEY_UILaunchScreen_Generation = YES;
				INFOPLIST_KEY_UISupportedInterfaceOrientations_iPad = "UIInterfaceOrientationPortrait UIInterfaceOrientationPortraitUpsideDown UIInterfaceOrientationLandscapeLeft UIInterfaceOrientationLandscapeRight";
				INFOPLIST_KEY_UISupportedInterfaceOrientations_iPhone = "UIInterfaceOrientationPortrait UIInterfaceOrientationLandscapeLeft UIInterfaceOrientationLandscapeRight";
				LD_RUNPATH_SEARCH_PATHS = (
					"$(inherited)",
					"@executable_path/Frameworks",
				);
				MARKETING_VERSION = 1.0;
				PRODUCT_BUNDLE_IDENTIFIER = "rafael.venons.Memorize-CS193p";
				PRODUCT_NAME = "$(TARGET_NAME)";
				SWIFT_EMIT_LOC_STRINGS = YES;
				SWIFT_VERSION = 5.0;
				TARGETED_DEVICE_FAMILY = "1,2";
			};
			name = Debug;
		};
		A355D9182C9FB12400640CA8 /* Release */ = {
			isa = XCBuildConfiguration;
			buildSettings = {
				ASSETCATALOG_COMPILER_APPICON_NAME = AppIcon;
				ASSETCATALOG_COMPILER_GLOBAL_ACCENT_COLOR_NAME = AccentColor;
				CODE_SIGN_STYLE = Automatic;
				CURRENT_PROJECT_VERSION = 1;
				DEVELOPMENT_ASSET_PATHS = "\"Memorize CS193p/Preview Content\"";
				DEVELOPMENT_TEAM = J5YKV9K4P8;
				ENABLE_PREVIEWS = YES;
				GENERATE_INFOPLIST_FILE = YES;
				INFOPLIST_KEY_UIApplicationSceneManifest_Generation = YES;
				INFOPLIST_KEY_UIApplicationSupportsIndirectInputEvents = YES;
				INFOPLIST_KEY_UILaunchScreen_Generation = YES;
				INFOPLIST_KEY_UISupportedInterfaceOrientations_iPad = "UIInterfaceOrientationPortrait UIInterfaceOrientationPortraitUpsideDown UIInterfaceOrientationLandscapeLeft UIInterfaceOrientationLandscapeRight";
				INFOPLIST_KEY_UISupportedInterfaceOrientations_iPhone = "UIInterfaceOrientationPortrait UIInterfaceOrientationLandscapeLeft UIInterfaceOrientationLandscapeRight";
				LD_RUNPATH_SEARCH_PATHS = (
					"$(inherited)",
					"@executable_path/Frameworks",
				);
				MARKETING_VERSION = 1.0;
				PRODUCT_BUNDLE_IDENTIFIER = "rafael.venons.Memorize-CS193p";
				PRODUCT_NAME = "$(TARGET_NAME)";
				SWIFT_EMIT_LOC_STRINGS = YES;
				SWIFT_VERSION = 5.0;
				TARGETED_DEVICE_FAMILY = "1,2";
			};
			name = Release;
		};
		A355D91A2C9FB12400640CA8 /* Debug */ = {
			isa = XCBuildConfiguration;
			buildSettings = {
				BUNDLE_LOADER = "$(TEST_HOST)";
				CODE_SIGN_STYLE = Automatic;
				CURRENT_PROJECT_VERSION = 1;
				DEVELOPMENT_TEAM = J5YKV9K4P8;
				GENERATE_INFOPLIST_FILE = YES;
				IPHONEOS_DEPLOYMENT_TARGET = 18.0;
				MARKETING_VERSION = 1.0;
				PRODUCT_BUNDLE_IDENTIFIER = "rafael.venons.Memorize-CS193pTests";
				PRODUCT_NAME = "$(TARGET_NAME)";
				SWIFT_EMIT_LOC_STRINGS = NO;
				SWIFT_VERSION = 5.0;
				TARGETED_DEVICE_FAMILY = "1,2";
				TEST_HOST = "$(BUILT_PRODUCTS_DIR)/Memorize CS193p.app/$(BUNDLE_EXECUTABLE_FOLDER_PATH)/Memorize CS193p";
			};
			name = Debug;
		};
		A355D91B2C9FB12400640CA8 /* Release */ = {
			isa = XCBuildConfiguration;
			buildSettings = {
				BUNDLE_LOADER = "$(TEST_HOST)";
				CODE_SIGN_STYLE = Automatic;
				CURRENT_PROJECT_VERSION = 1;
				DEVELOPMENT_TEAM = J5YKV9K4P8;
				GENERATE_INFOPLIST_FILE = YES;
				IPHONEOS_DEPLOYMENT_TARGET = 18.0;
				MARKETING_VERSION = 1.0;
				PRODUCT_BUNDLE_IDENTIFIER = "rafael.venons.Memorize-CS193pTests";
				PRODUCT_NAME = "$(TARGET_NAME)";
				SWIFT_EMIT_LOC_STRINGS = NO;
				SWIFT_VERSION = 5.0;
				TARGETED_DEVICE_FAMILY = "1,2";
				TEST_HOST = "$(BUILT_PRODUCTS_DIR)/Memorize CS193p.app/$(BUNDLE_EXECUTABLE_FOLDER_PATH)/Memorize CS193p";
			};
			name = Release;
		};
		A355D91D2C9FB12400640CA8 /* Debug */ = {
			isa = XCBuildConfiguration;
			buildSettings = {
				CODE_SIGN_STYLE = Automatic;
				CURRENT_PROJECT_VERSION = 1;
				DEVELOPMENT_TEAM = J5YKV9K4P8;
				GENERATE_INFOPLIST_FILE = YES;
				MARKETING_VERSION = 1.0;
				PRODUCT_BUNDLE_IDENTIFIER = "rafael.venons.Memorize-CS193pUITests";
				PRODUCT_NAME = "$(TARGET_NAME)";
				SWIFT_EMIT_LOC_STRINGS = NO;
				SWIFT_VERSION = 5.0;
				TARGETED_DEVICE_FAMILY = "1,2";
				TEST_TARGET_NAME = "Memorize CS193p";
			};
			name = Debug;
		};
		A355D91E2C9FB12400640CA8 /* Release */ = {
			isa = XCBuildConfiguration;
			buildSettings = {
				CODE_SIGN_STYLE = Automatic;
				CURRENT_PROJECT_VERSION = 1;
				DEVELOPMENT_TEAM = J5YKV9K4P8;
				GENERATE_INFOPLIST_FILE = YES;
				MARKETING_VERSION = 1.0;
				PRODUCT_BUNDLE_IDENTIFIER = "rafael.venons.Memorize-CS193pUITests";
				PRODUCT_NAME = "$(TARGET_NAME)";
				SWIFT_EMIT_LOC_STRINGS = NO;
				SWIFT_VERSION = 5.0;
				TARGETED_DEVICE_FAMILY = "1,2";
				TEST_TARGET_NAME = "Memorize CS193p";
			};
			name = Release;
		};
/* End XCBuildConfiguration section */

/* Begin XCConfigurationList section */
		A355D8ED2C9FB11F00640CA8 /* Build configuration list for PBXProject "Memorize CS193p" */ = {
			isa = XCConfigurationList;
			buildConfigurations = (
				A355D9142C9FB12400640CA8 /* Debug */,
				A355D9152C9FB12400640CA8 /* Release */,
			);
			defaultConfigurationIsVisible = 0;
			defaultConfigurationName = Release;
		};
		A355D9162C9FB12400640CA8 /* Build configuration list for PBXNativeTarget "Memorize CS193p" */ = {
			isa = XCConfigurationList;
			buildConfigurations = (
				A355D9172C9FB12400640CA8 /* Debug */,
				A355D9182C9FB12400640CA8 /* Release */,
			);
			defaultConfigurationIsVisible = 0;
			defaultConfigurationName = Release;
		};
		A355D9192C9FB12400640CA8 /* Build configuration list for PBXNativeTarget "Memorize CS193pTests" */ = {
			isa = XCConfigurationList;
			buildConfigurations = (
				A355D91A2C9FB12400640CA8 /* Debug */,
				A355D91B2C9FB12400640CA8 /* Release */,
			);
			defaultConfigurationIsVisible = 0;
			defaultConfigurationName = Release;
		};
		A355D91C2C9FB12400640CA8 /* Build configuration list for PBXNativeTarget "Memorize CS193pUITests" */ = {
			isa = XCConfigurationList;
			buildConfigurations = (
				A355D91D2C9FB12400640CA8 /* Debug */,
				A355D91E2C9FB12400640CA8 /* Release */,
			);
			defaultConfigurationIsVisible = 0;
			defaultConfigurationName = Release;
		};
/* End XCConfigurationList section */
	};
	rootObject = A355D8EA2C9FB11F00640CA8 /* Project object */;
}
